{
  "name": "agentiam-monorepo",
  "lockfileVersion": 3,
  "requires": true,
  "packages": {
    "": {
      "name": "agentiam-monorepo",
      "workspaces": [
        "packages/*"
      ]
    },
    "node_modules/@agentiam/core": {
      "resolved": "packages/core",
      "link": true
    },
    "packages/core": {
      "name": "@agentiam/core",
      "version": "0.1.0",
      "license": "MIT"
    }
  }
}
